
Microsoft Visual Studio Solution File, Format Version 12.00
# Visual Studio Version 16
VisualStudioVersion = 16.0.32407.337
MinimumVisualStudioVersion = 10.0.40219.1
Project("{FAE04EC0-301F-11D3-BF4B-00C04F79EFBC}") = "Get_StringCount_WithExtensionMethod", "UpperToLower\Get_StringCount_WithExtensionMethod.csproj", "{8256BB3B-E228-417E-A694-BC826C5261ED}"
EndProject
Global
	GlobalSection(SolutionConfigurationPlatforms) = preSolution
		Debug|Any CPU = Debug|Any CPU
		Release|Any CPU = Release|Any CPU
	EndGlobalSection
	GlobalSection(ProjectConfigurationPlatforms) = postSolution
		{8256BB3B-E228-417E-A694-BC826C5261ED}.Debug|Any CPU.ActiveCfg = Debug|Any CPU
		{8256BB3B-E228-417E-A694-BC826C5261ED}.Debug|Any CPU.Build.0 = Debug|Any CPU
		{8256BB3B-E228-417E-A694-BC826C5261ED}.Release|Any CPU.ActiveCfg = Release|Any CPU
		{8256BB3B-E228-417E-A694-BC826C5261ED}.Release|Any CPU.Build.0 = Release|Any CPU
	EndGlobalSection
	GlobalSection(SolutionProperties) = preSolution
		HideSolutionNode = FALSE
	EndGlobalSection
	GlobalSection(ExtensibilityGlobals) = postSolution
		SolutionGuid = {C55BE3C0-7E28-43D0-B35F-BC336629029A}
	EndGlobalSection
EndGlobal
